
Microsoft Visual Studio Solution File, Format Version 12.00
# Visual Studio 15
VisualStudioVersion = 15.0.28307.271
MinimumVisualStudioVersion = 10.0.40219.1
Project("{FAE04EC0-301F-11D3-BF4B-00C04F79EFBC}") = "Lab1Solution", "Lab1Solution\Lab1Solution.csproj", "{DEDD19ED-D729-4186-A2BB-42FC6B4E39F3}"
EndProject
Global
	GlobalSection(SolutionConfigurationPlatforms) = preSolution
		Debug|Any CPU = Debug|Any CPU
		Release|Any CPU = Release|Any CPU
	EndGlobalSection
	GlobalSection(ProjectConfigurationPlatforms) = postSolution
		{DEDD19ED-D729-4186-A2BB-42FC6B4E39F3}.Debug|Any CPU.ActiveCfg = Debug|Any CPU
		{DEDD19ED-D729-4186-A2BB-42FC6B4E39F3}.Debug|Any CPU.Build.0 = Debug|Any CPU
		{DEDD19ED-D729-4186-A2BB-42FC6B4E39F3}.Release|Any CPU.ActiveCfg = Release|Any CPU
		{DEDD19ED-D729-4186-A2BB-42FC6B4E39F3}.Release|Any CPU.Build.0 = Release|Any CPU
	EndGlobalSection
	GlobalSection(SolutionProperties) = preSolution
		HideSolutionNode = FALSE
	EndGlobalSection
	GlobalSection(ExtensibilityGlobals) = postSolution
		SolutionGuid = {ADEA5A81-F69C-4B98-9E10-7F1E76FFA5F7}
	EndGlobalSection
EndGlobal
